
Microsoft Visual Studio Solution File, Format Version 12.00
# Visual Studio Version 17
VisualStudioVersion = 17.8.34511.84
MinimumVisualStudioVersion = 10.0.40219.1
Project("{FAE04EC0-301F-11D3-BF4B-00C04F79EFBC}") = "safriltest2-entitydata", "safriltest2-entitydata.csproj", "{F463766D-B567-4EB4-8E07-5EDD2DDDA72C}"
EndProject
Global
	GlobalSection(SolutionConfigurationPlatforms) = preSolution
		Debug|Any CPU = Debug|Any CPU
		Release|Any CPU = Release|Any CPU
	EndGlobalSection
	GlobalSection(ProjectConfigurationPlatforms) = postSolution
		{F463766D-B567-4EB4-8E07-5EDD2DDDA72C}.Debug|Any CPU.ActiveCfg = Debug|Any CPU
		{F463766D-B567-4EB4-8E07-5EDD2DDDA72C}.Debug|Any CPU.Build.0 = Debug|Any CPU
		{F463766D-B567-4EB4-8E07-5EDD2DDDA72C}.Release|Any CPU.ActiveCfg = Release|Any CPU
		{F463766D-B567-4EB4-8E07-5EDD2DDDA72C}.Release|Any CPU.Build.0 = Release|Any CPU
	EndGlobalSection
	GlobalSection(SolutionProperties) = preSolution
		HideSolutionNode = FALSE
	EndGlobalSection
	GlobalSection(ExtensibilityGlobals) = postSolution
		SolutionGuid = {0BD312DA-DEDF-4948-9409-836176845BC1}
	EndGlobalSection
EndGlobal
